// !$*UTF8*$!
{
	archiveVersion = 1;
	classes = {
	};
	objectVersion = 46;
	objects = {

/* Begin PBXBuildFile section */
		07F0A2371F266AEA006D6640 /* main.m in Sources */ = {isa = PBXBuildFile; fileRef = 07F0A2361F266AEA006D6640 /* main.m */; };
		07F0A23A1F266AEA006D6640 /* AppDelegate.m in Sources */ = {isa = PBXBuildFile; fileRef = 07F0A2391F266AEA006D6640 /* AppDelegate.m */; };
		07F0A23D1F266AEA006D6640 /* MasterViewController.m in Sources */ = {isa = PBXBuildFile; fileRef = 07F0A23C1F266AEA006D6640 /* MasterViewController.m */; };
		07F0A2401F266AEA006D6640 /* DetailViewController.m in Sources */ = {isa = PBXBuildFile; fileRef = 07F0A23F1F266AEA006D6640 /* DetailViewController.m */; };
		07F0A2431F266AEA006D6640 /* Main.storyboard in Resources */ = {isa = PBXBuildFile; fileRef = 07F0A2411F266AEA006D6640 /* Main.storyboard */; };
		07F0A2451F266AEA006D6640 /* Assets.xcassets in Resources */ = {isa = PBXBuildFile; fileRef = 07F0A2441F266AEA006D6640 /* Assets.xcassets */; };
		07F0A2481F266AEA006D6640 /* LaunchScreen.storyboard in Resources */ = {isa = PBXBuildFile; fileRef = 07F0A2461F266AEA006D6640 /* LaunchScreen.storyboard */; };
		07F0A2531F266AEA006D6640 /* UW_AppTests.m in Sources */ = {isa = PBXBuildFile; fileRef = 07F0A2521F266AEA006D6640 /* UW_AppTests.m */; };
		07F0A25E1F266AEA006D6640 /* UW_AppUITests.m in Sources */ = {isa = PBXBuildFile; fileRef = 07F0A25D1F266AEA006D6640 /* UW_AppUITests.m */; };
/* End PBXBuildFile section */

/* Begin PBXContainerItemProxy section */
		07EAB74F1F2B67700076D632 /* PBXContainerItemProxy */ = {
			isa = PBXContainerItemProxy;
			containerPortal = 07EAB74B1F2B67700076D632 /* RCTOneSignal.xcodeproj */;
			proxyType = 2;
			remoteGlobalIDString = 3245CDED1BFEE35C00EABF68;
			remoteInfo = RCTOneSignal;
		};
		07F0A24F1F266AEA006D6640 /* PBXContainerItemProxy */ = {
			isa = PBXContainerItemProxy;
			containerPortal = 07F0A22A1F266AEA006D6640 /* Project object */;
			proxyType = 1;
			remoteGlobalIDString = 07F0A2311F266AEA006D6640;
			remoteInfo = "UW App";
		};
		07F0A25A1F266AEA006D6640 /* PBXContainerItemProxy */ = {
			isa = PBXContainerItemProxy;
			containerPortal = 07F0A22A1F266AEA006D6640 /* Project object */;
			proxyType = 1;
			remoteGlobalIDString = 07F0A2311F266AEA006D6640;
			remoteInfo = "UW App";
		};
/* End PBXContainerItemProxy section */

/* Begin PBXFileReference section */
		07EAB74A1F2AD1C60076D632 /* UW App.entitlements */ = {isa = PBXFileReference; lastKnownFileType = text.plist.entitlements; path = "UW App.entitlements"; sourceTree = "<group>"; };
		07EAB74B1F2B67700076D632 /* RCTOneSignal.xcodeproj */ = {isa = PBXFileReference; lastKnownFileType = "wrapper.pb-project"; name = RCTOneSignal.xcodeproj; path = "../../node_modules/react-native-onesignal/ios/RCTOneSignal.xcodeproj"; sourceTree = "<group>"; };
		07F0A2321F266AEA006D6640 /* UW App.app */ = {isa = PBXFileReference; explicitFileType = wrapper.application; includeInIndex = 0; path = "UW App.app"; sourceTree = BUILT_PRODUCTS_DIR; };
		07F0A2361F266AEA006D6640 /* main.m */ = {isa = PBXFileReference; lastKnownFileType = sourcecode.c.objc; path = main.m; sourceTree = "<group>"; };
		07F0A2381F266AEA006D6640 /* AppDelegate.h */ = {isa = PBXFileReference; lastKnownFileType = sourcecode.c.h; path = AppDelegate.h; sourceTree = "<group>"; };
		07F0A2391F266AEA006D6640 /* AppDelegate.m */ = {isa = PBXFileReference; lastKnownFileType = sourcecode.c.objc; path = AppDelegate.m; sourceTree = "<group>"; };
		07F0A23B1F266AEA006D6640 /* MasterViewController.h */ = {isa = PBXFileReference; lastKnownFileType = sourcecode.c.h; path = MasterViewController.h; sourceTree = "<group>"; };
		07F0A23C1F266AEA006D6640 /* MasterViewController.m */ = {isa = PBXFileReference; lastKnownFileType = sourcecode.c.objc; path = MasterViewController.m; sourceTree = "<group>"; };
		07F0A23E1F266AEA006D6640 /* DetailViewController.h */ = {isa = PBXFileReference; lastKnownFileType = sourcecode.c.h; path = DetailViewController.h; sourceTree = "<group>"; };
		07F0A23F1F266AEA006D6640 /* DetailViewController.m */ = {isa = PBXFileReference; lastKnownFileType = sourcecode.c.objc; path = DetailViewController.m; sourceTree = "<group>"; };
		07F0A2421F266AEA006D6640 /* Base */ = {isa = PBXFileReference; lastKnownFileType = file.storyboard; name = Base; path = Base.lproj/Main.storyboard; sourceTree = "<group>"; };
		07F0A2441F266AEA006D6640 /* Assets.xcassets */ = {isa = PBXFileReference; lastKnownFileType = folder.assetcatalog; path = Assets.xcassets; sourceTree = "<group>"; };
		07F0A2471F266AEA006D6640 /* Base */ = {isa = PBXFileReference; lastKnownFileType = file.storyboard; name = Base; path = Base.lproj/LaunchScreen.storyboard; sourceTree = "<group>"; };
		07F0A2491F266AEA006D6640 /* Info.plist */ = {isa = PBXFileReference; lastKnownFileType = text.plist.xml; path = Info.plist; sourceTree = "<group>"; };
		07F0A24E1F266AEA006D6640 /* UW AppTests.xctest */ = {isa = PBXFileReference; explicitFileType = wrapper.cfbundle; includeInIndex = 0; path = "UW AppTests.xctest"; sourceTree = BUILT_PRODUCTS_DIR; };
		07F0A2521F266AEA006D6640 /* UW_AppTests.m */ = {isa = PBXFileReference; lastKnownFileType = sourcecode.c.objc; path = UW_AppTests.m; sourceTree = "<group>"; };
		07F0A2541F266AEA006D6640 /* Info.plist */ = {isa = PBXFileReference; lastKnownFileType = text.plist.xml; path = Info.plist; sourceTree = "<group>"; };
		07F0A2591F266AEA006D6640 /* UW AppUITests.xctest */ = {isa = PBXFileReference; explicitFileType = wrapper.cfbundle; includeInIndex = 0; path = "UW AppUITests.xctest"; sourceTree = BUILT_PRODUCTS_DIR; };
		07F0A25D1F266AEA006D6640 /* UW_AppUITests.m */ = {isa = PBXFileReference; lastKnownFileType = sourcecode.c.objc; path = UW_AppUITests.m; sourceTree = "<group>"; };
		07F0A25F1F266AEA006D6640 /* Info.plist */ = {isa = PBXFileReference; lastKnownFileType = text.plist.xml; path = Info.plist; sourceTree = "<group>"; };
/* End PBXFileReference section */

/* Begin PBXFrameworksBuildPhase section */
		07F0A22F1F266AEA006D6640 /* Frameworks */ = {
			isa = PBXFrameworksBuildPhase;
			buildActionMask = 2147483647;
			files = (
			);
			runOnlyForDeploymentPostprocessing = 0;
		};
		07F0A24B1F266AEA006D6640 /* Frameworks */ = {
			isa = PBXFrameworksBuildPhase;
			buildActionMask = 2147483647;
			files = (
			);
			runOnlyForDeploymentPostprocessing = 0;
		};
		07F0A2561F266AEA006D6640 /* Frameworks */ = {
			isa = PBXFrameworksBuildPhase;
			buildActionMask = 2147483647;
			files = (
			);
			runOnlyForDeploymentPostprocessing = 0;
		};
/* End PBXFrameworksBuildPhase section */

/* Begin PBXGroup section */
		07EAB74C1F2B67700076D632 /* Products */ = {
			isa = PBXGroup;
			children = (
				07EAB7501F2B67700076D632 /* libRCTOneSignal.a */,
			);
			name = Products;
			sourceTree = "<group>";
		};
		07F0A2291F266AEA006D6640 = {
			isa = PBXGroup;
			children = (
				07F0A2341F266AEA006D6640 /* UW App */,
				07F0A2511F266AEA006D6640 /* UW AppTests */,
				07F0A25C1F266AEA006D6640 /* UW AppUITests */,
				07F0A2331F266AEA006D6640 /* Products */,
			);
			sourceTree = "<group>";
		};
		07F0A2331F266AEA006D6640 /* Products */ = {
			isa = PBXGroup;
			children = (
				07F0A2321F266AEA006D6640 /* UW App.app */,
				07F0A24E1F266AEA006D6640 /* UW AppTests.xctest */,
				07F0A2591F266AEA006D6640 /* UW AppUITests.xctest */,
			);
			name = Products;
			sourceTree = "<group>";
		};
		07F0A2341F266AEA006D6640 /* UW App */ = {
			isa = PBXGroup;
			children = (
				07EAB74A1F2AD1C60076D632 /* UW App.entitlements */,
				07F0A2381F266AEA006D6640 /* AppDelegate.h */,
				07F0A2391F266AEA006D6640 /* AppDelegate.m */,
				07F0A23B1F266AEA006D6640 /* MasterViewController.h */,
				07F0A23C1F266AEA006D6640 /* MasterViewController.m */,
				07F0A23E1F266AEA006D6640 /* DetailViewController.h */,
				07F0A23F1F266AEA006D6640 /* DetailViewController.m */,
				07F0A2411F266AEA006D6640 /* Main.storyboard */,
				07F0A2441F266AEA006D6640 /* Assets.xcassets */,
				07F0A2461F266AEA006D6640 /* LaunchScreen.storyboard */,
				07F0A2491F266AEA006D6640 /* Info.plist */,
				07F0A2351F266AEA006D6640 /* Supporting Files */,
			);
			path = "UW App";
			sourceTree = "<group>";
		};
		07F0A2351F266AEA006D6640 /* Supporting Files */ = {
			isa = PBXGroup;
			children = (
				07F0A2361F266AEA006D6640 /* main.m */,
			);
			name = "Supporting Files";
			sourceTree = "<group>";
		};
		07F0A2511F266AEA006D6640 /* UW AppTests */ = {
			isa = PBXGroup;
			children = (
				07F0A2521F266AEA006D6640 /* UW_AppTests.m */,
				07F0A2541F266AEA006D6640 /* Info.plist */,
			);
			path = "UW AppTests";
			sourceTree = "<group>";
		};
		07F0A25C1F266AEA006D6640 /* UW AppUITests */ = {
			isa = PBXGroup;
			children = (
				07EAB74B1F2B67700076D632 /* RCTOneSignal.xcodeproj */,
				07F0A25D1F266AEA006D6640 /* UW_AppUITests.m */,
				07F0A25F1F266AEA006D6640 /* Info.plist */,
			);
			path = "UW AppUITests";
			sourceTree = "<group>";
		};
/* End PBXGroup section */

/* Begin PBXNativeTarget section */
		07F0A2311F266AEA006D6640 /* UW App */ = {
			isa = PBXNativeTarget;
			buildConfigurationList = 07F0A2621F266AEA006D6640 /* Build configuration list for PBXNativeTarget "UW App" */;
			buildPhases = (
				07F0A22E1F266AEA006D6640 /* Sources */,
				07F0A22F1F266AEA006D6640 /* Frameworks */,
				07F0A2301F266AEA006D6640 /* Resources */,
			);
			buildRules = (
			);
			dependencies = (
			);
			name = "UW App";
			productName = "UW App";
			productReference = 07F0A2321F266AEA006D6640 /* UW App.app */;
			productType = "com.apple.product-type.application";
		};
		07F0A24D1F266AEA006D6640 /* UW AppTests */ = {
			isa = PBXNativeTarget;
			buildConfigurationList = 07F0A2651F266AEA006D6640 /* Build configuration list for PBXNativeTarget "UW AppTests" */;
			buildPhases = (
				07F0A24A1F266AEA006D6640 /* Sources */,
				07F0A24B1F266AEA006D6640 /* Frameworks */,
				07F0A24C1F266AEA006D6640 /* Resources */,
			);
			buildRules = (
			);
			dependencies = (
				07F0A2501F266AEA006D6640 /* PBXTargetDependency */,
			);
			name = "UW AppTests";
			productName = "UW AppTests";
			productReference = 07F0A24E1F266AEA006D6640 /* UW AppTests.xctest */;
			productType = "com.apple.product-type.bundle.unit-test";
		};
		07F0A2581F266AEA006D6640 /* UW AppUITests */ = {
			isa = PBXNativeTarget;
			buildConfigurationList = 07F0A2681F266AEA006D6640 /* Build configuration list for PBXNativeTarget "UW AppUITests" */;
			buildPhases = (
				07F0A2551F266AEA006D6640 /* Sources */,
				07F0A2561F266AEA006D6640 /* Frameworks */,
				07F0A2571F266AEA006D6640 /* Resources */,
			);
			buildRules = (
			);
			dependencies = (
				07F0A25B1F266AEA006D6640 /* PBXTargetDependency */,
			);
			name = "UW AppUITests";
			productName = "UW AppUITests";
			productReference = 07F0A2591F266AEA006D6640 /* UW AppUITests.xctest */;
			productType = "com.apple.product-type.bundle.ui-testing";
		};
/* End PBXNativeTarget section */

/* Begin PBXProject section */
		07F0A22A1F266AEA006D6640 /* Project object */ = {
			isa = PBXProject;
			attributes = {
				LastUpgradeCheck = 0830;
				ORGANIZATIONNAME = "Eric Lortie";
				TargetAttributes = {
					07F0A2311F266AEA006D6640 = {
						CreatedOnToolsVersion = 8.3.3;
						DevelopmentTeam = QC82DGVBQ3;
						ProvisioningStyle = Automatic;
						SystemCapabilities = {
							com.apple.BackgroundModes = {
								enabled = 1;
							};
							com.apple.Push = {
								enabled = 1;
							};
						};
					};
					07F0A24D1F266AEA006D6640 = {
						CreatedOnToolsVersion = 8.3.3;
						DevelopmentTeam = QC82DGVBQ3;
						ProvisioningStyle = Automatic;
						TestTargetID = 07F0A2311F266AEA006D6640;
					};
					07F0A2581F266AEA006D6640 = {
						CreatedOnToolsVersion = 8.3.3;
						DevelopmentTeam = QC82DGVBQ3;
						ProvisioningStyle = Automatic;
						TestTargetID = 07F0A2311F266AEA006D6640;
					};
				};
			};
			buildConfigurationList = 07F0A22D1F266AEA006D6640 /* Build configuration list for PBXProject "UW App" */;
			compatibilityVersion = "Xcode 3.2";
			developmentRegion = English;
			hasScannedForEncodings = 0;
			knownRegions = (
				en,
				Base,
			);
			mainGroup = 07F0A2291F266AEA006D6640;
			productRefGroup = 07F0A2331F266AEA006D6640 /* Products */;
			projectDirPath = "";
			projectReferences = (
				{
					ProductGroup = 07EAB74C1F2B67700076D632 /* Products */;
					ProjectRef = 07EAB74B1F2B67700076D632 /* RCTOneSignal.xcodeproj */;
				},
			);
			projectRoot = "";
			targets = (
				07F0A2311F266AEA006D6640 /* UW App */,
				07F0A24D1F266AEA006D6640 /* UW AppTests */,
				07F0A2581F266AEA006D6640 /* UW AppUITests */,
			);
		};
/* End PBXProject section */

/* Begin PBXReferenceProxy section */
		07EAB7501F2B67700076D632 /* libRCTOneSignal.a */ = {
			isa = PBXReferenceProxy;
			fileType = archive.ar;
			path = libRCTOneSignal.a;
			remoteRef = 07EAB74F1F2B67700076D632 /* PBXContainerItemProxy */;
			sourceTree = BUILT_PRODUCTS_DIR;
		};
/* End PBXReferenceProxy section */

/* Begin PBXResourcesBuildPhase section */
		07F0A2301F266AEA006D6640 /* Resources */ = {
			isa = PBXResourcesBuildPhase;
			buildActionMask = 2147483647;
			files = (
				07F0A2481F266AEA006D6640 /* LaunchScreen.storyboard in Resources */,
				07F0A2451F266AEA006D6640 /* Assets.xcassets in Resources */,
				07F0A2431F266AEA006D6640 /* Main.storyboard in Resources */,
			);
			runOnlyForDeploymentPostprocessing = 0;
		};
		07F0A24C1F266AEA006D6640 /* Resources */ = {
			isa = PBXResourcesBuildPhase;
			buildActionMask = 2147483647;
			files = (
			);
			runOnlyForDeploymentPostprocessing = 0;
		};
		07F0A2571F266AEA006D6640 /* Resources */ = {
			isa = PBXResourcesBuildPhase;
			buildActionMask = 2147483647;
			files = (
			);
			runOnlyForDeploymentPostprocessing = 0;
		};
/* End PBXResourcesBuildPhase section */

/* Begin PBXSourcesBuildPhase section */
		07F0A22E1F266AEA006D6640 /* Sources */ = {
			isa = PBXSourcesBuildPhase;
			buildActionMask = 2147483647;
			files = (
				07F0A23A1F266AEA006D6640 /* AppDelegate.m in Sources */,
				07F0A23D1F266AEA006D6640 /* MasterViewController.m in Sources */,
				07F0A2371F266AEA006D6640 /* main.m in Sources */,
				07F0A2401F266AEA006D6640 /* DetailViewController.m in Sources */,
			);
			runOnlyForDeploymentPostprocessing = 0;
		};
		07F0A24A1F266AEA006D6640 /* Sources */ = {
			isa = PBXSourcesBuildPhase;
			buildActionMask = 2147483647;
			files = (
				07F0A2531F266AEA006D6640 /* UW_AppTests.m in Sources */,
			);
			runOnlyForDeploymentPostprocessing = 0;
		};
		07F0A2551F266AEA006D6640 /* Sources */ = {
			isa = PBXSourcesBuildPhase;
			buildActionMask = 2147483647;
			files = (
				07F0A25E1F266AEA006D6640 /* UW_AppUITests.m in Sources */,
			);
			runOnlyForDeploymentPostprocessing = 0;
		};
/* End PBXSourcesBuildPhase section */

/* Begin PBXTargetDependency section */
		07F0A2501F266AEA006D6640 /* PBXTargetDependency */ = {
			isa = PBXTargetDependency;
			target = 07F0A2311F266AEA006D6640 /* UW App */;
			targetProxy = 07F0A24F1F266AEA006D6640 /* PBXContainerItemProxy */;
		};
		07F0A25B1F266AEA006D6640 /* PBXTargetDependency */ = {
			isa = PBXTargetDependency;
			target = 07F0A2311F266AEA006D6640 /* UW App */;
			targetProxy = 07F0A25A1F266AEA006D6640 /* PBXContainerItemProxy */;
		};
/* End PBXTargetDependency section */

/* Begin PBXVariantGroup section */
		07F0A2411F266AEA006D6640 /* Main.storyboard */ = {
			isa = PBXVariantGroup;
			children = (
				07F0A2421F266AEA006D6640 /* Base */,
			);
			name = Main.storyboard;
			sourceTree = "<group>";
		};
		07F0A2461F266AEA006D6640 /* LaunchScreen.storyboard */ = {
			isa = PBXVariantGroup;
			children = (
				07F0A2471F266AEA006D6640 /* Base */,
			);
			name = LaunchScreen.storyboard;
			sourceTree = "<group>";
		};
/* End PBXVariantGroup section */

/* Begin XCBuildConfiguration section */
		07F0A2601F266AEA006D6640 /* Debug */ = {
			isa = XCBuildConfiguration;
			buildSettings = {
				ALWAYS_SEARCH_USER_PATHS = NO;
				CLANG_ANALYZER_NONNULL = YES;
				CLANG_ANALYZER_NUMBER_OBJECT_CONVERSION = YES_AGGRESSIVE;
				CLANG_CXX_LANGUAGE_STANDARD = "gnu++0x";
				CLANG_CXX_LIBRARY = "libc++";
				CLANG_ENABLE_MODULES = YES;
				CLANG_ENABLE_OBJC_ARC = YES;
				CLANG_WARN_BOOL_CONVERSION = YES;
				CLANG_WARN_CONSTANT_CONVERSION = YES;
				CLANG_WARN_DIRECT_OBJC_ISA_USAGE = YES_ERROR;
				CLANG_WARN_DOCUMENTATION_COMMENTS = YES;
				CLANG_WARN_EMPTY_BODY = YES;
				CLANG_WARN_ENUM_CONVERSION = YES;
				CLANG_WARN_INFINITE_RECURSION = YES;
				CLANG_WARN_INT_CONVERSION = YES;
				CLANG_WARN_OBJC_ROOT_CLASS = YES_ERROR;
				CLANG_WARN_SUSPICIOUS_MOVE = YES;
				CLANG_WARN_UNREACHABLE_CODE = YES;
				CLANG_WARN__DUPLICATE_METHOD_MATCH = YES;
				"CODE_SIGN_IDENTITY[sdk=iphoneos*]" = "iPhone Developer";
				COPY_PHASE_STRIP = NO;
				DEBUG_INFORMATION_FORMAT = dwarf;
				ENABLE_STRICT_OBJC_MSGSEND = YES;
				ENABLE_TESTABILITY = YES;
				GCC_C_LANGUAGE_STANDARD = gnu99;
				GCC_DYNAMIC_NO_PIC = NO;
				GCC_NO_COMMON_BLOCKS = YES;
				GCC_OPTIMIZATION_LEVEL = 0;
				GCC_PREPROCESSOR_DEFINITIONS = (
					"DEBUG=1",
					"$(inherited)",
				);
				GCC_WARN_64_TO_32_BIT_CONVERSION = YES;
				GCC_WARN_ABOUT_RETURN_TYPE = YES_ERROR;
				GCC_WARN_UNDECLARED_SELECTOR = YES;
				GCC_WARN_UNINITIALIZED_AUTOS = YES_AGGRESSIVE;
				GCC_WARN_UNUSED_FUNCTION = YES;
				GCC_WARN_UNUSED_VARIABLE = YES;
				IPHONEOS_DEPLOYMENT_TARGET = 10.3;
				MTL_ENABLE_DEBUG_INFO = YES;
				ONLY_ACTIVE_ARCH = YES;
				SDKROOT = iphoneos;
				TARGETED_DEVICE_FAMILY = "1,2";
			};
			name = Debug;
		};
		07F0A2611F266AEA006D6640 /* Release */ = {
			isa = XCBuildConfiguration;
			buildSettings = {
				ALWAYS_SEARCH_USER_PATHS = NO;
				CLANG_ANALYZER_NONNULL = YES;
				CLANG_ANALYZER_NUMBER_OBJECT_CONVERSION = YES_AGGRESSIVE;
				CLANG_CXX_LANGUAGE_STANDARD = "gnu++0x";
				CLANG_CXX_LIBRARY = "libc++";
				CLANG_ENABLE_MODULES = YES;
				CLANG_ENABLE_OBJC_ARC = YES;
				CLANG_WARN_BOOL_CONVERSION = YES;
				CLANG_WARN_CONSTANT_CONVERSION = YES;
				CLANG_WARN_DIRECT_OBJC_ISA_USAGE = YES_ERROR;
				CLANG_WARN_DOCUMENTATION_COMMENTS = YES;
				CLANG_WARN_EMPTY_BODY = YES;
				CLANG_WARN_ENUM_CONVERSION = YES;
				CLANG_WARN_INFINITE_RECURSION = YES;
				CLANG_WARN_INT_CONVERSION = YES;
				CLANG_WARN_OBJC_ROOT_CLASS = YES_ERROR;
				CLANG_WARN_SUSPICIOUS_MOVE = YES;
				CLANG_WARN_UNREACHABLE_CODE = YES;
				CLANG_WARN__DUPLICATE_METHOD_MATCH = YES;
				"CODE_SIGN_IDENTITY[sdk=iphoneos*]" = "iPhone Developer";
				COPY_PHASE_STRIP = NO;
				DEBUG_INFORMATION_FORMAT = "dwarf-with-dsym";
				ENABLE_NS_ASSERTIONS = NO;
				ENABLE_STRICT_OBJC_MSGSEND = YES;
				GCC_C_LANGUAGE_STANDARD = gnu99;
				GCC_NO_COMMON_BLOCKS = YES;
				GCC_WARN_64_TO_32_BIT_CONVERSION = YES;
				GCC_WARN_ABOUT_RETURN_TYPE = YES_ERROR;
				GCC_WARN_UNDECLARED_SELECTOR = YES;
				GCC_WARN_UNINITIALIZED_AUTOS = YES_AGGRESSIVE;
				GCC_WARN_UNUSED_FUNCTION = YES;
				GCC_WARN_UNUSED_VARIABLE = YES;
				IPHONEOS_DEPLOYMENT_TARGET = 10.3;
				MTL_ENABLE_DEBUG_INFO = NO;
				SDKROOT = iphoneos;
				TARGETED_DEVICE_FAMILY = "1,2";
				VALIDATE_PRODUCT = YES;
			};
			name = Release;
		};
		07F0A2631F266AEA006D6640 /* Debug */ = {
			isa = XCBuildConfiguration;
			buildSettings = {
				ASSETCATALOG_COMPILER_APPICON_NAME = AppIcon;
				CODE_SIGN_ENTITLEMENTS = "UW App/UW App.entitlements";
				DEVELOPMENT_TEAM = QC82DGVBQ3;
				INFOPLIST_FILE = "UW App/Info.plist";
				LD_RUNPATH_SEARCH_PATHS = "$(inherited) @executable_path/Frameworks";
				PRODUCT_BUNDLE_IDENTIFIER = "ELDEV.UW-App";
				PRODUCT_NAME = "$(TARGET_NAME)";
			};
			name = Debug;
		};
		07F0A2641F266AEA006D6640 /* Release */ = {
			isa = XCBuildConfiguration;
			buildSettings = {
				ASSETCATALOG_COMPILER_APPICON_NAME = AppIcon;
				CODE_SIGN_ENTITLEMENTS = "UW App/UW App.entitlements";
				DEVELOPMENT_TEAM = QC82DGVBQ3;
				INFOPLIST_FILE = "UW App/Info.plist";
				LD_RUNPATH_SEARCH_PATHS = "$(inherited) @executable_path/Frameworks";
				PRODUCT_BUNDLE_IDENTIFIER = "ELDEV.UW-App";
				PRODUCT_NAME = "$(TARGET_NAME)";
			};
			name = Release;
		};
		07F0A2661F266AEA006D6640 /* Debug */ = {
			isa = XCBuildConfiguration;
			buildSettings = {
				BUNDLE_LOADER = "$(TEST_HOST)";
				DEVELOPMENT_TEAM = QC82DGVBQ3;
				INFOPLIST_FILE = "UW AppTests/Info.plist";
				LD_RUNPATH_SEARCH_PATHS = "$(inherited) @executable_path/Frameworks @loader_path/Frameworks";
				PRODUCT_BUNDLE_IDENTIFIER = "ELDEV.UW-AppTests";
				PRODUCT_NAME = "$(TARGET_NAME)";
				TEST_HOST = "$(BUILT_PRODUCTS_DIR)/UW App.app/UW App";
			};
			name = Debug;
		};
		07F0A2671F266AEA006D6640 /* Release */ = {
			isa = XCBuildConfiguration;
			buildSettings = {
				BUNDLE_LOADER = "$(TEST_HOST)";
				DEVELOPMENT_TEAM = QC82DGVBQ3;
				INFOPLIST_FILE = "UW AppTests/Info.plist";
				LD_RUNPATH_SEARCH_PATHS = "$(inherited) @executable_path/Frameworks @loader_path/Frameworks";
				PRODUCT_BUNDLE_IDENTIFIER = "ELDEV.UW-AppTests";
				PRODUCT_NAME = "$(TARGET_NAME)";
				TEST_HOST = "$(BUILT_PRODUCTS_DIR)/UW App.app/UW App";
			};
			name = Release;
		};
		07F0A2691F266AEA006D6640 /* Debug */ = {
			isa = XCBuildConfiguration;
			buildSettings = {
				DEVELOPMENT_TEAM = QC82DGVBQ3;
				INFOPLIST_FILE = "UW AppUITests/Info.plist";
				LD_RUNPATH_SEARCH_PATHS = "$(inherited) @executable_path/Frameworks @loader_path/Frameworks";
				PRODUCT_BUNDLE_IDENTIFIER = "ELDEV.UW-AppUITests";
				PRODUCT_NAME = "$(TARGET_NAME)";
				TEST_TARGET_NAME = "UW App";
			};
			name = Debug;
		};
		07F0A26A1F266AEA006D6640 /* Release */ = {
			isa = XCBuildConfiguration;
			buildSettings = {
				DEVELOPMENT_TEAM = QC82DGVBQ3;
				INFOPLIST_FILE = "UW AppUITests/Info.plist";
				LD_RUNPATH_SEARCH_PATHS = "$(inherited) @executable_path/Frameworks @loader_path/Frameworks";
				PRODUCT_BUNDLE_IDENTIFIER = "ELDEV.UW-AppUITests";
				PRODUCT_NAME = "$(TARGET_NAME)";
				TEST_TARGET_NAME = "UW App";
			};
			name = Release;
		};
/* End XCBuildConfiguration section */

/* Begin XCConfigurationList section */
		07F0A22D1F266AEA006D6640 /* Build configuration list for PBXProject "UW App" */ = {
			isa = XCConfigurationList;
			buildConfigurations = (
				07F0A2601F266AEA006D6640 /* Debug */,
				07F0A2611F266AEA006D6640 /* Release */,
			);
			defaultConfigurationIsVisible = 0;
			defaultConfigurationName = Release;
		};
		07F0A2621F266AEA006D6640 /* Build configuration list for PBXNativeTarget "UW App" */ = {
			isa = XCConfigurationList;
			buildConfigurations = (
				07F0A2631F266AEA006D6640 /* Debug */,
				07F0A2641F266AEA006D6640 /* Release */,
			);
			defaultConfigurationIsVisible = 0;
			defaultConfigurationName = Release;
		};
		07F0A2651F266AEA006D6640 /* Build configuration list for PBXNativeTarget "UW AppTests" */ = {
			isa = XCConfigurationList;
			buildConfigurations = (
				07F0A2661F266AEA006D6640 /* Debug */,
				07F0A2671F266AEA006D6640 /* Release */,
			);
			defaultConfigurationIsVisible = 0;
			defaultConfigurationName = Release;
		};
		07F0A2681F266AEA006D6640 /* Build configuration list for PBXNativeTarget "UW AppUITests" */ = {
			isa = XCConfigurationList;
			buildConfigurations = (
				07F0A2691F266AEA006D6640 /* Debug */,
				07F0A26A1F266AEA006D6640 /* Release */,
			);
			defaultConfigurationIsVisible = 0;
			defaultConfigurationName = Release;
		};
/* End XCConfigurationList section */
	};
	rootObject = 07F0A22A1F266AEA006D6640 /* Project object */;
}
